
Microsoft Visual Studio Solution File, Format Version 12.00
# Visual Studio Version 16
VisualStudioVersion = 16.0.30804.86
MinimumVisualStudioVersion = 10.0.40219.1
Project("{FAE04EC0-301F-11D3-BF4B-00C04F79EFBC}") = "Lab3_Shevliuk_OOP", "Lab3_Shevliuk_OOP\Lab3_Shevliuk_OOP.csproj", "{FC1CF1AC-B70C-4125-805B-873E4B94DCCD}"
EndProject
Global
	GlobalSection(SolutionConfigurationPlatforms) = preSolution
		Debug|Any CPU = Debug|Any CPU
		Release|Any CPU = Release|Any CPU
	EndGlobalSection
	GlobalSection(ProjectConfigurationPlatforms) = postSolution
		{FC1CF1AC-B70C-4125-805B-873E4B94DCCD}.Debug|Any CPU.ActiveCfg = Debug|Any CPU
		{FC1CF1AC-B70C-4125-805B-873E4B94DCCD}.Debug|Any CPU.Build.0 = Debug|Any CPU
		{FC1CF1AC-B70C-4125-805B-873E4B94DCCD}.Release|Any CPU.ActiveCfg = Release|Any CPU
		{FC1CF1AC-B70C-4125-805B-873E4B94DCCD}.Release|Any CPU.Build.0 = Release|Any CPU
	EndGlobalSection
	GlobalSection(SolutionProperties) = preSolution
		HideSolutionNode = FALSE
	EndGlobalSection
	GlobalSection(ExtensibilityGlobals) = postSolution
		SolutionGuid = {2CC5B4CC-AD23-4F46-8759-CB142ECF6145}
	EndGlobalSection
EndGlobal
